// !$*UTF8*$!
{
	archiveVersion = 1;
	classes = {
	};
	objectVersion = 51;
	objects = {

/* Begin PBXBuildFile section */
		02836304B5D18F740762B733 /* Pods_FlickrClient.framework in Frameworks */ = {isa = PBXBuildFile; fileRef = 316E7DB3F54C1B695DF6E017 /* Pods_FlickrClient.framework */; };
		0E6D0E8321765FDA00623EE3 /* AppDelegate.swift in Sources */ = {isa = PBXBuildFile; fileRef = 0E6D0E8221765FDA00623EE3 /* AppDelegate.swift */; };
		0E6D0E8A21765FDC00623EE3 /* Assets.xcassets in Resources */ = {isa = PBXBuildFile; fileRef = 0E6D0E8921765FDC00623EE3 /* Assets.xcassets */; };
		0E6D0E8D21765FDC00623EE3 /* LaunchScreen.storyboard in Resources */ = {isa = PBXBuildFile; fileRef = 0E6D0E8B21765FDC00623EE3 /* LaunchScreen.storyboard */; };
		0EA1EF82217A65EF0056CCA4 /* ResponseStats.swift in Sources */ = {isa = PBXBuildFile; fileRef = 0EA1EF81217A65EF0056CCA4 /* ResponseStats.swift */; };
		0EA1EF86217A66310056CCA4 /* FeedsPhotoCollectionResponse.swift in Sources */ = {isa = PBXBuildFile; fileRef = 0EA1EF85217A66310056CCA4 /* FeedsPhotoCollectionResponse.swift */; };
		0EA1EF88217A6BF50056CCA4 /* Action.swift in Sources */ = {isa = PBXBuildFile; fileRef = 0EA1EF87217A6BF50056CCA4 /* Action.swift */; };
		0EA1EF8B217A71A70056CCA4 /* CommentsListFactory.swift in Sources */ = {isa = PBXBuildFile; fileRef = 0EA1EF8A217A71A70056CCA4 /* CommentsListFactory.swift */; };
		0EA1EF8D217A72200056CCA4 /* CommentsListViewController.swift in Sources */ = {isa = PBXBuildFile; fileRef = 0EA1EF8C217A72200056CCA4 /* CommentsListViewController.swift */; };
		0EA1EF8F217A725F0056CCA4 /* FeedRouter.swift in Sources */ = {isa = PBXBuildFile; fileRef = 0EA1EF8E217A725F0056CCA4 /* FeedRouter.swift */; };
		0EDE8355217668F40089CB13 /* FeedFactory.swift in Sources */ = {isa = PBXBuildFile; fileRef = 0EDE8354217668F40089CB13 /* FeedFactory.swift */; };
		0EDE835821766A360089CB13 /* FeedViewController.swift in Sources */ = {isa = PBXBuildFile; fileRef = 0EDE835621766A360089CB13 /* FeedViewController.swift */; };
		0EDE835C21766BD30089CB13 /* FeedCell.swift in Sources */ = {isa = PBXBuildFile; fileRef = 0EDE835A21766BD30089CB13 /* FeedCell.swift */; };
		0EDE8360217673050089CB13 /* FeedView.swift in Sources */ = {isa = PBXBuildFile; fileRef = 0EDE835F217673050089CB13 /* FeedView.swift */; };
		0EDE8363217675BF0089CB13 /* FeedPresentationModel.swift in Sources */ = {isa = PBXBuildFile; fileRef = 0EDE8362217675BF0089CB13 /* FeedPresentationModel.swift */; };
		0EDE83662176769E0089CB13 /* CustomViewController.swift in Sources */ = {isa = PBXBuildFile; fileRef = 0EDE83652176769E0089CB13 /* CustomViewController.swift */; };
		0EDE83682176797D0089CB13 /* FeedPresenter.swift in Sources */ = {isa = PBXBuildFile; fileRef = 0EDE83672176797D0089CB13 /* FeedPresenter.swift */; };
		0EDE836A21767AD90089CB13 /* CellPresentableModel.swift in Sources */ = {isa = PBXBuildFile; fileRef = 0EDE836921767AD90089CB13 /* CellPresentableModel.swift */; };
		0EDE836C21767B510089CB13 /* UITableView+Extensions.swift in Sources */ = {isa = PBXBuildFile; fileRef = 0EDE836B21767B510089CB13 /* UITableView+Extensions.swift */; };
		0EDE836E21767CA00089CB13 /* FeedPresentationModel+Extensions.swift in Sources */ = {isa = PBXBuildFile; fileRef = 0EDE836D21767CA00089CB13 /* FeedPresentationModel+Extensions.swift */; };
		0EDE837021767E5A0089CB13 /* FeedInteractor.swift in Sources */ = {isa = PBXBuildFile; fileRef = 0EDE836F21767E5A0089CB13 /* FeedInteractor.swift */; };
		0EDE83722177C2CB0089CB13 /* IconedInfoView.swift in Sources */ = {isa = PBXBuildFile; fileRef = 0EDE83712177C2CB0089CB13 /* IconedInfoView.swift */; };
		0EDE83742177C5170089CB13 /* NamedAvatarView.swift in Sources */ = {isa = PBXBuildFile; fileRef = 0EDE83732177C5170089CB13 /* NamedAvatarView.swift */; };
		0EDE83762177C7520089CB13 /* FeedMainPhotoView.swift in Sources */ = {isa = PBXBuildFile; fileRef = 0EDE83752177C7520089CB13 /* FeedMainPhotoView.swift */; };
		0EDE83782177C99F0089CB13 /* FeedInfoView.swift in Sources */ = {isa = PBXBuildFile; fileRef = 0EDE83772177C99F0089CB13 /* FeedInfoView.swift */; };
		0EDE837A2177D18B0089CB13 /* Feed.xcassets in Resources */ = {isa = PBXBuildFile; fileRef = 0EDE83792177D18B0089CB13 /* Feed.xcassets */; };
		0EDE837D217903910089CB13 /* FeedsPhoto.swift in Sources */ = {isa = PBXBuildFile; fileRef = 0EDE837C217903910089CB13 /* FeedsPhoto.swift */; };
		0EDE837F217908820089CB13 /* FeedService.swift in Sources */ = {isa = PBXBuildFile; fileRef = 0EDE837E217908820089CB13 /* FeedService.swift */; };
		0EDE838121790B750089CB13 /* AbstractNetworkProvider.swift in Sources */ = {isa = PBXBuildFile; fileRef = 0EDE838021790B750089CB13 /* AbstractNetworkProvider.swift */; };
/* End PBXBuildFile section */

/* Begin PBXFileReference section */
		0E6D0E7F21765FDA00623EE3 /* FlickrClient.app */ = {isa = PBXFileReference; explicitFileType = wrapper.application; includeInIndex = 0; path = FlickrClient.app; sourceTree = BUILT_PRODUCTS_DIR; };
		0E6D0E8221765FDA00623EE3 /* AppDelegate.swift */ = {isa = PBXFileReference; lastKnownFileType = sourcecode.swift; path = AppDelegate.swift; sourceTree = "<group>"; };
		0E6D0E8921765FDC00623EE3 /* Assets.xcassets */ = {isa = PBXFileReference; lastKnownFileType = folder.assetcatalog; path = Assets.xcassets; sourceTree = "<group>"; };
		0E6D0E8C21765FDC00623EE3 /* Base */ = {isa = PBXFileReference; lastKnownFileType = file.storyboard; name = Base; path = Base.lproj/LaunchScreen.storyboard; sourceTree = "<group>"; };
		0E6D0E8E21765FDC00623EE3 /* Info.plist */ = {isa = PBXFileReference; lastKnownFileType = text.plist.xml; path = Info.plist; sourceTree = "<group>"; };
		0EA1EF81217A65EF0056CCA4 /* ResponseStats.swift */ = {isa = PBXFileReference; lastKnownFileType = sourcecode.swift; path = ResponseStats.swift; sourceTree = "<group>"; };
		0EA1EF85217A66310056CCA4 /* FeedsPhotoCollectionResponse.swift */ = {isa = PBXFileReference; lastKnownFileType = sourcecode.swift; path = FeedsPhotoCollectionResponse.swift; sourceTree = "<group>"; };
		0EA1EF87217A6BF50056CCA4 /* Action.swift */ = {isa = PBXFileReference; lastKnownFileType = sourcecode.swift; path = Action.swift; sourceTree = "<group>"; };
		0EA1EF8A217A71A70056CCA4 /* CommentsListFactory.swift */ = {isa = PBXFileReference; lastKnownFileType = sourcecode.swift; path = CommentsListFactory.swift; sourceTree = "<group>"; };
		0EA1EF8C217A72200056CCA4 /* CommentsListViewController.swift */ = {isa = PBXFileReference; lastKnownFileType = sourcecode.swift; name = CommentsListViewController.swift; path = /Users/kirillchuyanov/Projects/FlickrClient/FlickrClient/CommentsList/CommentsListViewController.swift; sourceTree = "<absolute>"; };
		0EA1EF8E217A725F0056CCA4 /* FeedRouter.swift */ = {isa = PBXFileReference; lastKnownFileType = sourcecode.swift; path = FeedRouter.swift; sourceTree = "<group>"; };
		0EDE8354217668F40089CB13 /* FeedFactory.swift */ = {isa = PBXFileReference; lastKnownFileType = sourcecode.swift; path = FeedFactory.swift; sourceTree = "<group>"; };
		0EDE835621766A360089CB13 /* FeedViewController.swift */ = {isa = PBXFileReference; lastKnownFileType = sourcecode.swift; path = FeedViewController.swift; sourceTree = "<group>"; };
		0EDE835A21766BD30089CB13 /* FeedCell.swift */ = {isa = PBXFileReference; lastKnownFileType = sourcecode.swift; path = FeedCell.swift; sourceTree = "<group>"; };
		0EDE835F217673050089CB13 /* FeedView.swift */ = {isa = PBXFileReference; lastKnownFileType = sourcecode.swift; path = FeedView.swift; sourceTree = "<group>"; };
		0EDE8362217675BF0089CB13 /* FeedPresentationModel.swift */ = {isa = PBXFileReference; lastKnownFileType = sourcecode.swift; path = FeedPresentationModel.swift; sourceTree = "<group>"; };
		0EDE83652176769E0089CB13 /* CustomViewController.swift */ = {isa = PBXFileReference; lastKnownFileType = sourcecode.swift; path = CustomViewController.swift; sourceTree = "<group>"; };
		0EDE83672176797D0089CB13 /* FeedPresenter.swift */ = {isa = PBXFileReference; lastKnownFileType = sourcecode.swift; path = FeedPresenter.swift; sourceTree = "<group>"; };
		0EDE836921767AD90089CB13 /* CellPresentableModel.swift */ = {isa = PBXFileReference; lastKnownFileType = sourcecode.swift; path = CellPresentableModel.swift; sourceTree = "<group>"; };
		0EDE836B21767B510089CB13 /* UITableView+Extensions.swift */ = {isa = PBXFileReference; lastKnownFileType = sourcecode.swift; path = "UITableView+Extensions.swift"; sourceTree = "<group>"; };
		0EDE836D21767CA00089CB13 /* FeedPresentationModel+Extensions.swift */ = {isa = PBXFileReference; lastKnownFileType = sourcecode.swift; path = "FeedPresentationModel+Extensions.swift"; sourceTree = "<group>"; };
		0EDE836F21767E5A0089CB13 /* FeedInteractor.swift */ = {isa = PBXFileReference; lastKnownFileType = sourcecode.swift; path = FeedInteractor.swift; sourceTree = "<group>"; };
		0EDE83712177C2CB0089CB13 /* IconedInfoView.swift */ = {isa = PBXFileReference; lastKnownFileType = sourcecode.swift; path = IconedInfoView.swift; sourceTree = "<group>"; };
		0EDE83732177C5170089CB13 /* NamedAvatarView.swift */ = {isa = PBXFileReference; lastKnownFileType = sourcecode.swift; path = NamedAvatarView.swift; sourceTree = "<group>"; };
		0EDE83752177C7520089CB13 /* FeedMainPhotoView.swift */ = {isa = PBXFileReference; lastKnownFileType = sourcecode.swift; path = FeedMainPhotoView.swift; sourceTree = "<group>"; };
		0EDE83772177C99F0089CB13 /* FeedInfoView.swift */ = {isa = PBXFileReference; lastKnownFileType = sourcecode.swift; path = FeedInfoView.swift; sourceTree = "<group>"; };
		0EDE83792177D18B0089CB13 /* Feed.xcassets */ = {isa = PBXFileReference; lastKnownFileType = folder.assetcatalog; path = Feed.xcassets; sourceTree = "<group>"; };
		0EDE837C217903910089CB13 /* FeedsPhoto.swift */ = {isa = PBXFileReference; lastKnownFileType = sourcecode.swift; path = FeedsPhoto.swift; sourceTree = "<group>"; };
		0EDE837E217908820089CB13 /* FeedService.swift */ = {isa = PBXFileReference; lastKnownFileType = sourcecode.swift; path = FeedService.swift; sourceTree = "<group>"; };
		0EDE838021790B750089CB13 /* AbstractNetworkProvider.swift */ = {isa = PBXFileReference; lastKnownFileType = sourcecode.swift; path = AbstractNetworkProvider.swift; sourceTree = "<group>"; };
		1AA449519ADF93213C74F775 /* Pods-FlickrClient.release.xcconfig */ = {isa = PBXFileReference; includeInIndex = 1; lastKnownFileType = text.xcconfig; name = "Pods-FlickrClient.release.xcconfig"; path = "Pods/Target Support Files/Pods-FlickrClient/Pods-FlickrClient.release.xcconfig"; sourceTree = "<group>"; };
		316E7DB3F54C1B695DF6E017 /* Pods_FlickrClient.framework */ = {isa = PBXFileReference; explicitFileType = wrapper.framework; includeInIndex = 0; path = Pods_FlickrClient.framework; sourceTree = BUILT_PRODUCTS_DIR; };
		CC00A0B98C8C808BC8B3A276 /* Pods-FlickrClient.debug.xcconfig */ = {isa = PBXFileReference; includeInIndex = 1; lastKnownFileType = text.xcconfig; name = "Pods-FlickrClient.debug.xcconfig"; path = "Pods/Target Support Files/Pods-FlickrClient/Pods-FlickrClient.debug.xcconfig"; sourceTree = "<group>"; };
/* End PBXFileReference section */

/* Begin PBXFrameworksBuildPhase section */
		0E6D0E7C21765FDA00623EE3 /* Frameworks */ = {
			isa = PBXFrameworksBuildPhase;
			buildActionMask = 2147483647;
			files = (
				02836304B5D18F740762B733 /* Pods_FlickrClient.framework in Frameworks */,
			);
			runOnlyForDeploymentPostprocessing = 0;
		};
/* End PBXFrameworksBuildPhase section */

/* Begin PBXGroup section */
		0E6D0E7621765FDA00623EE3 = {
			isa = PBXGroup;
			children = (
				0E6D0E8121765FDA00623EE3 /* FlickrClient */,
				0E6D0E8021765FDA00623EE3 /* Products */,
				E59177A6F2044811AD75FD26 /* Pods */,
				E939BCA5E381D440E8FEA64B /* Frameworks */,
			);
			indentWidth = 2;
			sourceTree = "<group>";
			tabWidth = 2;
		};
		0E6D0E8021765FDA00623EE3 /* Products */ = {
			isa = PBXGroup;
			children = (
				0E6D0E7F21765FDA00623EE3 /* FlickrClient.app */,
			);
			name = Products;
			sourceTree = "<group>";
		};
		0E6D0E8121765FDA00623EE3 /* FlickrClient */ = {
			isa = PBXGroup;
			children = (
				0EDE8364217676810089CB13 /* Core */,
				0EA1EF89217A71760056CCA4 /* CommentsList */,
				0EDE8353217668E20089CB13 /* Feed */,
				0E6D0E8221765FDA00623EE3 /* AppDelegate.swift */,
				0E6D0E8921765FDC00623EE3 /* Assets.xcassets */,
				0E6D0E8B21765FDC00623EE3 /* LaunchScreen.storyboard */,
				0E6D0E8E21765FDC00623EE3 /* Info.plist */,
			);
			path = FlickrClient;
			sourceTree = "<group>";
		};
		0EA1EF89217A71760056CCA4 /* CommentsList */ = {
			isa = PBXGroup;
			children = (
				0EA1EF8C217A72200056CCA4 /* CommentsListViewController.swift */,
				0EA1EF8A217A71A70056CCA4 /* CommentsListFactory.swift */,
			);
			path = CommentsList;
			sourceTree = "<group>";
		};
		0EDE8353217668E20089CB13 /* Feed */ = {
			isa = PBXGroup;
			children = (
				0EDE837B217903770089CB13 /* Models */,
				0EDE835E2176729E0089CB13 /* Views */,
				0EDE8354217668F40089CB13 /* FeedFactory.swift */,
				0EDE835621766A360089CB13 /* FeedViewController.swift */,
				0EDE83672176797D0089CB13 /* FeedPresenter.swift */,
				0EDE836F21767E5A0089CB13 /* FeedInteractor.swift */,
				0EDE837E217908820089CB13 /* FeedService.swift */,
				0EA1EF8E217A725F0056CCA4 /* FeedRouter.swift */,
			);
			path = Feed;
			sourceTree = "<group>";
		};
		0EDE835E2176729E0089CB13 /* Views */ = {
			isa = PBXGroup;
			children = (
				0EDE8361217675AA0089CB13 /* Models */,
				0EDE835A21766BD30089CB13 /* FeedCell.swift */,
				0EDE835F217673050089CB13 /* FeedView.swift */,
				0EDE83712177C2CB0089CB13 /* IconedInfoView.swift */,
				0EDE83732177C5170089CB13 /* NamedAvatarView.swift */,
				0EDE83752177C7520089CB13 /* FeedMainPhotoView.swift */,
				0EDE83772177C99F0089CB13 /* FeedInfoView.swift */,
				0EDE83792177D18B0089CB13 /* Feed.xcassets */,
			);
			path = Views;
			sourceTree = "<group>";
		};
		0EDE8361217675AA0089CB13 /* Models */ = {
			isa = PBXGroup;
			children = (
				0EDE8362217675BF0089CB13 /* FeedPresentationModel.swift */,
				0EDE836D21767CA00089CB13 /* FeedPresentationModel+Extensions.swift */,
			);
			path = Models;
			sourceTree = "<group>";
		};
		0EDE8364217676810089CB13 /* Core */ = {
			isa = PBXGroup;
			children = (
				0EDE83652176769E0089CB13 /* CustomViewController.swift */,
				0EDE836921767AD90089CB13 /* CellPresentableModel.swift */,
				0EDE836B21767B510089CB13 /* UITableView+Extensions.swift */,
				0EDE838021790B750089CB13 /* AbstractNetworkProvider.swift */,
				0EA1EF81217A65EF0056CCA4 /* ResponseStats.swift */,
				0EA1EF87217A6BF50056CCA4 /* Action.swift */,
			);
			path = Core;
			sourceTree = "<group>";
		};
		0EDE837B217903770089CB13 /* Models */ = {
			isa = PBXGroup;
			children = (
				0EDE837C217903910089CB13 /* FeedsPhoto.swift */,
				0EA1EF85217A66310056CCA4 /* FeedsPhotoCollectionResponse.swift */,
			);
			path = Models;
			sourceTree = "<group>";
		};
		E59177A6F2044811AD75FD26 /* Pods */ = {
			isa = PBXGroup;
			children = (
				CC00A0B98C8C808BC8B3A276 /* Pods-FlickrClient.debug.xcconfig */,
				1AA449519ADF93213C74F775 /* Pods-FlickrClient.release.xcconfig */,
			);
			name = Pods;
			sourceTree = "<group>";
		};
		E939BCA5E381D440E8FEA64B /* Frameworks */ = {
			isa = PBXGroup;
			children = (
				316E7DB3F54C1B695DF6E017 /* Pods_FlickrClient.framework */,
			);
			name = Frameworks;
			sourceTree = "<group>";
		};
/* End PBXGroup section */

/* Begin PBXNativeTarget section */
		0E6D0E7E21765FDA00623EE3 /* FlickrClient */ = {
			isa = PBXNativeTarget;
			buildConfigurationList = 0E6D0E9121765FDC00623EE3 /* Build configuration list for PBXNativeTarget "FlickrClient" */;
			buildPhases = (
				4847FE9BAF7E8E27F8E77325 /* [CP] Check Pods Manifest.lock */,
				0E6D0E7B21765FDA00623EE3 /* Sources */,
				0E6D0E7C21765FDA00623EE3 /* Frameworks */,
				0E6D0E7D21765FDA00623EE3 /* Resources */,
				C34F1FBF7727FBE0C78F56E3 /* [CP] Embed Pods Frameworks */,
			);
			buildRules = (
			);
			dependencies = (
			);
			name = FlickrClient;
			productName = FlickrClient;
			productReference = 0E6D0E7F21765FDA00623EE3 /* FlickrClient.app */;
			productType = "com.apple.product-type.application";
		};
/* End PBXNativeTarget section */

/* Begin PBXProject section */
		0E6D0E7721765FDA00623EE3 /* Project object */ = {
			isa = PBXProject;
			attributes = {
				LastSwiftUpdateCheck = 1000;
				LastUpgradeCheck = 1000;
				ORGANIZATIONNAME = "Kirill Chuyanov";
				TargetAttributes = {
					0E6D0E7E21765FDA00623EE3 = {
						CreatedOnToolsVersion = 10.0;
					};
				};
			};
			buildConfigurationList = 0E6D0E7A21765FDA00623EE3 /* Build configuration list for PBXProject "FlickrClient" */;
			compatibilityVersion = "Xcode 10.0";
			developmentRegion = en;
			hasScannedForEncodings = 0;
			knownRegions = (
				en,
				Base,
			);
			mainGroup = 0E6D0E7621765FDA00623EE3;
			productRefGroup = 0E6D0E8021765FDA00623EE3 /* Products */;
			projectDirPath = "";
			projectRoot = "";
			targets = (
				0E6D0E7E21765FDA00623EE3 /* FlickrClient */,
			);
		};
/* End PBXProject section */

/* Begin PBXResourcesBuildPhase section */
		0E6D0E7D21765FDA00623EE3 /* Resources */ = {
			isa = PBXResourcesBuildPhase;
			buildActionMask = 2147483647;
			files = (
				0E6D0E8D21765FDC00623EE3 /* LaunchScreen.storyboard in Resources */,
				0E6D0E8A21765FDC00623EE3 /* Assets.xcassets in Resources */,
				0EDE837A2177D18B0089CB13 /* Feed.xcassets in Resources */,
			);
			runOnlyForDeploymentPostprocessing = 0;
		};
/* End PBXResourcesBuildPhase section */

/* Begin PBXShellScriptBuildPhase section */
		4847FE9BAF7E8E27F8E77325 /* [CP] Check Pods Manifest.lock */ = {
			isa = PBXShellScriptBuildPhase;
			buildActionMask = 2147483647;
			files = (
			);
			inputFileListPaths = (
			);
			inputPaths = (
				"${PODS_PODFILE_DIR_PATH}/Podfile.lock",
				"${PODS_ROOT}/Manifest.lock",
			);
			name = "[CP] Check Pods Manifest.lock";
			outputFileListPaths = (
			);
			outputPaths = (
				"$(DERIVED_FILE_DIR)/Pods-FlickrClient-checkManifestLockResult.txt",
			);
			runOnlyForDeploymentPostprocessing = 0;
			shellPath = /bin/sh;
			shellScript = "diff \"${PODS_PODFILE_DIR_PATH}/Podfile.lock\" \"${PODS_ROOT}/Manifest.lock\" > /dev/null\nif [ $? != 0 ] ; then\n    # print error to STDERR\n    echo \"error: The sandbox is not in sync with the Podfile.lock. Run 'pod install' or update your CocoaPods installation.\" >&2\n    exit 1\nfi\n# This output is used by Xcode 'outputs' to avoid re-running this script phase.\necho \"SUCCESS\" > \"${SCRIPT_OUTPUT_FILE_0}\"\n";
			showEnvVarsInLog = 0;
		};
		C34F1FBF7727FBE0C78F56E3 /* [CP] Embed Pods Frameworks */ = {
			isa = PBXShellScriptBuildPhase;
			buildActionMask = 2147483647;
			files = (
			);
			inputFileListPaths = (
			);
			inputPaths = (
				"${SRCROOT}/Pods/Target Support Files/Pods-FlickrClient/Pods-FlickrClient-frameworks.sh",
				"${BUILT_PRODUCTS_DIR}/Kingfisher/Kingfisher.framework",
				"${BUILT_PRODUCTS_DIR}/SnapKit/SnapKit.framework",
			);
			name = "[CP] Embed Pods Frameworks";
			outputFileListPaths = (
			);
			outputPaths = (
				"${TARGET_BUILD_DIR}/${FRAMEWORKS_FOLDER_PATH}/Kingfisher.framework",
				"${TARGET_BUILD_DIR}/${FRAMEWORKS_FOLDER_PATH}/SnapKit.framework",
			);
			runOnlyForDeploymentPostprocessing = 0;
			shellPath = /bin/sh;
			shellScript = "\"${SRCROOT}/Pods/Target Support Files/Pods-FlickrClient/Pods-FlickrClient-frameworks.sh\"\n";
			showEnvVarsInLog = 0;
		};
/* End PBXShellScriptBuildPhase section */

/* Begin PBXSourcesBuildPhase section */
		0E6D0E7B21765FDA00623EE3 /* Sources */ = {
			isa = PBXSourcesBuildPhase;
			buildActionMask = 2147483647;
			files = (
				0EDE8360217673050089CB13 /* FeedView.swift in Sources */,
				0EA1EF88217A6BF50056CCA4 /* Action.swift in Sources */,
				0EDE836A21767AD90089CB13 /* CellPresentableModel.swift in Sources */,
				0EDE837021767E5A0089CB13 /* FeedInteractor.swift in Sources */,
				0EDE838121790B750089CB13 /* AbstractNetworkProvider.swift in Sources */,
				0EA1EF82217A65EF0056CCA4 /* ResponseStats.swift in Sources */,
				0EDE83662176769E0089CB13 /* CustomViewController.swift in Sources */,
				0EA1EF8F217A725F0056CCA4 /* FeedRouter.swift in Sources */,
				0EDE83722177C2CB0089CB13 /* IconedInfoView.swift in Sources */,
				0EDE83682176797D0089CB13 /* FeedPresenter.swift in Sources */,
				0EDE8355217668F40089CB13 /* FeedFactory.swift in Sources */,
				0EDE83742177C5170089CB13 /* NamedAvatarView.swift in Sources */,
				0EDE83782177C99F0089CB13 /* FeedInfoView.swift in Sources */,
				0EDE837D217903910089CB13 /* FeedsPhoto.swift in Sources */,
				0EDE83762177C7520089CB13 /* FeedMainPhotoView.swift in Sources */,
				0EDE836C21767B510089CB13 /* UITableView+Extensions.swift in Sources */,
				0EDE835C21766BD30089CB13 /* FeedCell.swift in Sources */,
				0EA1EF8D217A72200056CCA4 /* CommentsListViewController.swift in Sources */,
				0EDE8363217675BF0089CB13 /* FeedPresentationModel.swift in Sources */,
				0EDE835821766A360089CB13 /* FeedViewController.swift in Sources */,
				0EDE836E21767CA00089CB13 /* FeedPresentationModel+Extensions.swift in Sources */,
				0E6D0E8321765FDA00623EE3 /* AppDelegate.swift in Sources */,
				0EDE837F217908820089CB13 /* FeedService.swift in Sources */,
				0EA1EF8B217A71A70056CCA4 /* CommentsListFactory.swift in Sources */,
				0EA1EF86217A66310056CCA4 /* FeedsPhotoCollectionResponse.swift in Sources */,
			);
			runOnlyForDeploymentPostprocessing = 0;
		};
/* End PBXSourcesBuildPhase section */

/* Begin PBXVariantGroup section */
		0E6D0E8B21765FDC00623EE3 /* LaunchScreen.storyboard */ = {
			isa = PBXVariantGroup;
			children = (
				0E6D0E8C21765FDC00623EE3 /* Base */,
			);
			name = LaunchScreen.storyboard;
			sourceTree = "<group>";
		};
/* End PBXVariantGroup section */

/* Begin XCBuildConfiguration section */
		0E6D0E8F21765FDC00623EE3 /* Debug */ = {
			isa = XCBuildConfiguration;
			buildSettings = {
				ALWAYS_SEARCH_USER_PATHS = NO;
				CLANG_ANALYZER_NONNULL = YES;
				CLANG_ANALYZER_NUMBER_OBJECT_CONVERSION = YES_AGGRESSIVE;
				CLANG_CXX_LANGUAGE_STANDARD = "gnu++14";
				CLANG_CXX_LIBRARY = "libc++";
				CLANG_ENABLE_MODULES = YES;
				CLANG_ENABLE_OBJC_ARC = YES;
				CLANG_ENABLE_OBJC_WEAK = YES;
				CLANG_WARN_BLOCK_CAPTURE_AUTORELEASING = YES;
				CLANG_WARN_BOOL_CONVERSION = YES;
				CLANG_WARN_COMMA = YES;
				CLANG_WARN_CONSTANT_CONVERSION = YES;
				CLANG_WARN_DEPRECATED_OBJC_IMPLEMENTATIONS = YES;
				CLANG_WARN_DIRECT_OBJC_ISA_USAGE = YES_ERROR;
				CLANG_WARN_DOCUMENTATION_COMMENTS = YES;
				CLANG_WARN_EMPTY_BODY = YES;
				CLANG_WARN_ENUM_CONVERSION = YES;
				CLANG_WARN_INFINITE_RECURSION = YES;
				CLANG_WARN_INT_CONVERSION = YES;
				CLANG_WARN_NON_LITERAL_NULL_CONVERSION = YES;
				CLANG_WARN_OBJC_IMPLICIT_RETAIN_SELF = YES;
				CLANG_WARN_OBJC_LITERAL_CONVERSION = YES;
				CLANG_WARN_OBJC_ROOT_CLASS = YES_ERROR;
				CLANG_WARN_RANGE_LOOP_ANALYSIS = YES;
				CLANG_WARN_STRICT_PROTOTYPES = YES;
				CLANG_WARN_SUSPICIOUS_MOVE = YES;
				CLANG_WARN_UNGUARDED_AVAILABILITY = YES_AGGRESSIVE;
				CLANG_WARN_UNREACHABLE_CODE = YES;
				CLANG_WARN__DUPLICATE_METHOD_MATCH = YES;
				CODE_SIGN_IDENTITY = "iPhone Developer";
				COPY_PHASE_STRIP = NO;
				DEBUG_INFORMATION_FORMAT = dwarf;
				ENABLE_STRICT_OBJC_MSGSEND = YES;
				ENABLE_TESTABILITY = YES;
				GCC_C_LANGUAGE_STANDARD = gnu11;
				GCC_DYNAMIC_NO_PIC = NO;
				GCC_NO_COMMON_BLOCKS = YES;
				GCC_OPTIMIZATION_LEVEL = 0;
				GCC_PREPROCESSOR_DEFINITIONS = (
					"DEBUG=1",
					"$(inherited)",
				);
				GCC_WARN_64_TO_32_BIT_CONVERSION = YES;
				GCC_WARN_ABOUT_RETURN_TYPE = YES_ERROR;
				GCC_WARN_UNDECLARED_SELECTOR = YES;
				GCC_WARN_UNINITIALIZED_AUTOS = YES_AGGRESSIVE;
				GCC_WARN_UNUSED_FUNCTION = YES;
				GCC_WARN_UNUSED_VARIABLE = YES;
				IPHONEOS_DEPLOYMENT_TARGET = 12.0;
				MTL_ENABLE_DEBUG_INFO = INCLUDE_SOURCE;
				MTL_FAST_MATH = YES;
				ONLY_ACTIVE_ARCH = YES;
				SDKROOT = iphoneos;
				SWIFT_ACTIVE_COMPILATION_CONDITIONS = DEBUG;
				SWIFT_OPTIMIZATION_LEVEL = "-Onone";
			};
			name = Debug;
		};
		0E6D0E9021765FDC00623EE3 /* Release */ = {
			isa = XCBuildConfiguration;
			buildSettings = {
				ALWAYS_SEARCH_USER_PATHS = NO;
				CLANG_ANALYZER_NONNULL = YES;
				CLANG_ANALYZER_NUMBER_OBJECT_CONVERSION = YES_AGGRESSIVE;
				CLANG_CXX_LANGUAGE_STANDARD = "gnu++14";
				CLANG_CXX_LIBRARY = "libc++";
				CLANG_ENABLE_MODULES = YES;
				CLANG_ENABLE_OBJC_ARC = YES;
				CLANG_ENABLE_OBJC_WEAK = YES;
				CLANG_WARN_BLOCK_CAPTURE_AUTORELEASING = YES;
				CLANG_WARN_BOOL_CONVERSION = YES;
				CLANG_WARN_COMMA = YES;
				CLANG_WARN_CONSTANT_CONVERSION = YES;
				CLANG_WARN_DEPRECATED_OBJC_IMPLEMENTATIONS = YES;
				CLANG_WARN_DIRECT_OBJC_ISA_USAGE = YES_ERROR;
				CLANG_WARN_DOCUMENTATION_COMMENTS = YES;
				CLANG_WARN_EMPTY_BODY = YES;
				CLANG_WARN_ENUM_CONVERSION = YES;
				CLANG_WARN_INFINITE_RECURSION = YES;
				CLANG_WARN_INT_CONVERSION = YES;
				CLANG_WARN_NON_LITERAL_NULL_CONVERSION = YES;
				CLANG_WARN_OBJC_IMPLICIT_RETAIN_SELF = YES;
				CLANG_WARN_OBJC_LITERAL_CONVERSION = YES;
				CLANG_WARN_OBJC_ROOT_CLASS = YES_ERROR;
				CLANG_WARN_RANGE_LOOP_ANALYSIS = YES;
				CLANG_WARN_STRICT_PROTOTYPES = YES;
				CLANG_WARN_SUSPICIOUS_MOVE = YES;
				CLANG_WARN_UNGUARDED_AVAILABILITY = YES_AGGRESSIVE;
				CLANG_WARN_UNREACHABLE_CODE = YES;
				CLANG_WARN__DUPLICATE_METHOD_MATCH = YES;
				CODE_SIGN_IDENTITY = "iPhone Developer";
				COPY_PHASE_STRIP = NO;
				DEBUG_INFORMATION_FORMAT = "dwarf-with-dsym";
				ENABLE_NS_ASSERTIONS = NO;
				ENABLE_STRICT_OBJC_MSGSEND = YES;
				GCC_C_LANGUAGE_STANDARD = gnu11;
				GCC_NO_COMMON_BLOCKS = YES;
				GCC_WARN_64_TO_32_BIT_CONVERSION = YES;
				GCC_WARN_ABOUT_RETURN_TYPE = YES_ERROR;
				GCC_WARN_UNDECLARED_SELECTOR = YES;
				GCC_WARN_UNINITIALIZED_AUTOS = YES_AGGRESSIVE;
				GCC_WARN_UNUSED_FUNCTION = YES;
				GCC_WARN_UNUSED_VARIABLE = YES;
				IPHONEOS_DEPLOYMENT_TARGET = 12.0;
				MTL_ENABLE_DEBUG_INFO = NO;
				MTL_FAST_MATH = YES;
				SDKROOT = iphoneos;
				SWIFT_COMPILATION_MODE = wholemodule;
				SWIFT_OPTIMIZATION_LEVEL = "-O";
				VALIDATE_PRODUCT = YES;
			};
			name = Release;
		};
		0E6D0E9221765FDC00623EE3 /* Debug */ = {
			isa = XCBuildConfiguration;
			baseConfigurationReference = CC00A0B98C8C808BC8B3A276 /* Pods-FlickrClient.debug.xcconfig */;
			buildSettings = {
				ASSETCATALOG_COMPILER_APPICON_NAME = AppIcon;
				CODE_SIGN_STYLE = Manual;
				DEVELOPMENT_TEAM = "";
				INFOPLIST_FILE = FlickrClient/Info.plist;
				LD_RUNPATH_SEARCH_PATHS = (
					"$(inherited)",
					"@executable_path/Frameworks",
				);
				PRODUCT_BUNDLE_IDENTIFIER = com.kezarr.FlickrClient;
				PRODUCT_NAME = "$(TARGET_NAME)";
				PROVISIONING_PROFILE_SPECIFIER = "";
				SWIFT_VERSION = 4.2;
				TARGETED_DEVICE_FAMILY = "1,2";
			};
			name = Debug;
		};
		0E6D0E9321765FDC00623EE3 /* Release */ = {
			isa = XCBuildConfiguration;
			baseConfigurationReference = 1AA449519ADF93213C74F775 /* Pods-FlickrClient.release.xcconfig */;
			buildSettings = {
				ASSETCATALOG_COMPILER_APPICON_NAME = AppIcon;
				CODE_SIGN_STYLE = Manual;
				DEVELOPMENT_TEAM = "";
				INFOPLIST_FILE = FlickrClient/Info.plist;
				LD_RUNPATH_SEARCH_PATHS = (
					"$(inherited)",
					"@executable_path/Frameworks",
				);
				PRODUCT_BUNDLE_IDENTIFIER = com.kezarr.FlickrClient;
				PRODUCT_NAME = "$(TARGET_NAME)";
				PROVISIONING_PROFILE_SPECIFIER = "";
				SWIFT_VERSION = 4.2;
				TARGETED_DEVICE_FAMILY = "1,2";
			};
			name = Release;
		};
/* End XCBuildConfiguration section */

/* Begin XCConfigurationList section */
		0E6D0E7A21765FDA00623EE3 /* Build configuration list for PBXProject "FlickrClient" */ = {
			isa = XCConfigurationList;
			buildConfigurations = (
				0E6D0E8F21765FDC00623EE3 /* Debug */,
				0E6D0E9021765FDC00623EE3 /* Release */,
			);
			defaultConfigurationIsVisible = 0;
			defaultConfigurationName = Release;
		};
		0E6D0E9121765FDC00623EE3 /* Build configuration list for PBXNativeTarget "FlickrClient" */ = {
			isa = XCConfigurationList;
			buildConfigurations = (
				0E6D0E9221765FDC00623EE3 /* Debug */,
				0E6D0E9321765FDC00623EE3 /* Release */,
			);
			defaultConfigurationIsVisible = 0;
			defaultConfigurationName = Release;
		};
/* End XCConfigurationList section */
	};
	rootObject = 0E6D0E7721765FDA00623EE3 /* Project object */;
}
